
Microsoft Visual Studio Solution File, Format Version 12.00
# Visual Studio Version 17
VisualStudioVersion = 17.13.35825.156
MinimumVisualStudioVersion = 10.0.40219.1
Project("{FAE04EC0-301F-11D3-BF4B-00C04F79EFBC}") = "Calculator", "Calculator\Calculator.csproj", "{4D058DA6-91C0-45E9-9326-591808FE0858}"
EndProject
Project("{2150E333-8FDC-42A3-9474-1A3956D46DE8}") = "Элементы решения", "Элементы решения", "{754FC069-D67B-A9D7-50A1-8D1CA196D8F1}"
EndProject
Project("{FAE04EC0-301F-11D3-BF4B-00C04F79EFBC}") = "CalculatorTests", "CalculatorTests\CalculatorTests.csproj", "{8871CB38-1E6A-4E65-B293-A184AC70B56F}"
EndProject
Global
	GlobalSection(SolutionConfigurationPlatforms) = preSolution
		Debug|Any CPU = Debug|Any CPU
		Release|Any CPU = Release|Any CPU
	EndGlobalSection
	GlobalSection(ProjectConfigurationPlatforms) = postSolution
		{4D058DA6-91C0-45E9-9326-591808FE0858}.Debug|Any CPU.ActiveCfg = Debug|Any CPU
		{4D058DA6-91C0-45E9-9326-591808FE0858}.Debug|Any CPU.Build.0 = Debug|Any CPU
		{4D058DA6-91C0-45E9-9326-591808FE0858}.Release|Any CPU.ActiveCfg = Release|Any CPU
		{4D058DA6-91C0-45E9-9326-591808FE0858}.Release|Any CPU.Build.0 = Release|Any CPU
		{8871CB38-1E6A-4E65-B293-A184AC70B56F}.Debug|Any CPU.ActiveCfg = Debug|Any CPU
		{8871CB38-1E6A-4E65-B293-A184AC70B56F}.Debug|Any CPU.Build.0 = Debug|Any CPU
		{8871CB38-1E6A-4E65-B293-A184AC70B56F}.Release|Any CPU.ActiveCfg = Release|Any CPU
		{8871CB38-1E6A-4E65-B293-A184AC70B56F}.Release|Any CPU.Build.0 = Release|Any CPU
	EndGlobalSection
	GlobalSection(SolutionProperties) = preSolution
		HideSolutionNode = FALSE
	EndGlobalSection
	GlobalSection(ExtensibilityGlobals) = postSolution
		SolutionGuid = {25F388EA-F548-46F5-9F2B-97DDCAF4C72D}
	EndGlobalSection
EndGlobal
