
Microsoft Visual Studio Solution File, Format Version 12.00
# Visual Studio Version 17
VisualStudioVersion = 17.13.35825.156 d17.13
MinimumVisualStudioVersion = 10.0.40219.1
Project("{FAE04EC0-301F-11D3-BF4B-00C04F79EFBC}") = "Result", "Result\Result.csproj", "{3F4C5206-C0A4-4735-8B25-0D9CF4FF4A97}"
EndProject
Global
	GlobalSection(SolutionConfigurationPlatforms) = preSolution
		Debug|Any CPU = Debug|Any CPU
		Release|Any CPU = Release|Any CPU
	EndGlobalSection
	GlobalSection(ProjectConfigurationPlatforms) = postSolution
		{3F4C5206-C0A4-4735-8B25-0D9CF4FF4A97}.Debug|Any CPU.ActiveCfg = Debug|Any CPU
		{3F4C5206-C0A4-4735-8B25-0D9CF4FF4A97}.Debug|Any CPU.Build.0 = Debug|Any CPU
		{3F4C5206-C0A4-4735-8B25-0D9CF4FF4A97}.Release|Any CPU.ActiveCfg = Release|Any CPU
		{3F4C5206-C0A4-4735-8B25-0D9CF4FF4A97}.Release|Any CPU.Build.0 = Release|Any CPU
	EndGlobalSection
	GlobalSection(SolutionProperties) = preSolution
		HideSolutionNode = FALSE
	EndGlobalSection
	GlobalSection(ExtensibilityGlobals) = postSolution
		SolutionGuid = {C812A394-A2DE-4B88-B4CF-60372AD2DA87}
	EndGlobalSection
EndGlobal
